# This file is automatically @generated by Cargo.
# It is not intended for manual editing.
version = 4

[[package]]
name = "malus-cli"
version = "0.1.0"
dependencies = [
 "malus-codegen-cpu",
 "malus-codegen-gpu",
 "malus-loader",
 "malus-runtime",
 "malus-sema",
 "malus-syntax",
]

[[package]]
name = "malus-codegen-cpu"
version = "0.1.0"
dependencies = [
 "malus-sema",
]

[[package]]
name = "malus-codegen-gpu"
version = "0.1.0"
dependencies = [
 "malus-sema",
]

[[package]]
name = "malus-loader"
version = "0.1.0"
dependencies = [
 "malus-syntax",
]

[[package]]
name = "malus-runtime"
version = "0.1.0"

[[package]]
name = "malus-sema"
version = "0.1.0"
dependencies = [
 "malus-syntax",
]

[[package]]
name = "malus-syntax"
version = "0.1.0"
